// !$*UTF8*$!
{
	archiveVersion = 1;
	classes = {
	};
	objectVersion = 46;
	objects = {

/* Begin PBXBuildFile section */
		15ED19918B8B3FB0AA5DCAD3 /* libPods-TestingObjcToxVideo.a in Frameworks */ = {isa = PBXBuildFile; fileRef = FE46573864A2170EA28C283A /* libPods-TestingObjcToxVideo.a */; };
		9CC5D6271E9E1AFF00899BAD /* AppDelegate.swift in Sources */ = {isa = PBXBuildFile; fileRef = 9CC5D6261E9E1AFF00899BAD /* AppDelegate.swift */; };
		9CC5D6291E9E1AFF00899BAD /* ViewController.swift in Sources */ = {isa = PBXBuildFile; fileRef = 9CC5D6281E9E1AFF00899BAD /* ViewController.swift */; };
		9CC5D62C1E9E1AFF00899BAD /* Main.storyboard in Resources */ = {isa = PBXBuildFile; fileRef = 9CC5D62A1E9E1AFF00899BAD /* Main.storyboard */; };
		9CC5D62E1E9E1AFF00899BAD /* Assets.xcassets in Resources */ = {isa = PBXBuildFile; fileRef = 9CC5D62D1E9E1AFF00899BAD /* Assets.xcassets */; };
		9CC5D6311E9E1AFF00899BAD /* LaunchScreen.storyboard in Resources */ = {isa = PBXBuildFile; fileRef = 9CC5D62F1E9E1AFF00899BAD /* LaunchScreen.storyboard */; };
		9CC5D63C1E9E1AFF00899BAD /* TestingObjcToxVideoTests.swift in Sources */ = {isa = PBXBuildFile; fileRef = 9CC5D63B1E9E1AFF00899BAD /* TestingObjcToxVideoTests.swift */; };
/* End PBXBuildFile section */

/* Begin PBXContainerItemProxy section */
		9CC5D6381E9E1AFF00899BAD /* PBXContainerItemProxy */ = {
			isa = PBXContainerItemProxy;
			containerPortal = 9CC5D61B1E9E1AFF00899BAD /* Project object */;
			proxyType = 1;
			remoteGlobalIDString = 9CC5D6221E9E1AFF00899BAD;
			remoteInfo = TestingObjcToxVideo;
		};
/* End PBXContainerItemProxy section */

/* Begin PBXFileReference section */
		9CC5D6231E9E1AFF00899BAD /* TestingObjcToxVideo.app */ = {isa = PBXFileReference; explicitFileType = wrapper.application; includeInIndex = 0; path = TestingObjcToxVideo.app; sourceTree = BUILT_PRODUCTS_DIR; };
		9CC5D6261E9E1AFF00899BAD /* AppDelegate.swift */ = {isa = PBXFileReference; lastKnownFileType = sourcecode.swift; path = AppDelegate.swift; sourceTree = "<group>"; };
		9CC5D6281E9E1AFF00899BAD /* ViewController.swift */ = {isa = PBXFileReference; lastKnownFileType = sourcecode.swift; path = ViewController.swift; sourceTree = "<group>"; };
		9CC5D62B1E9E1AFF00899BAD /* Base */ = {isa = PBXFileReference; lastKnownFileType = file.storyboard; name = Base; path = Base.lproj/Main.storyboard; sourceTree = "<group>"; };
		9CC5D62D1E9E1AFF00899BAD /* Assets.xcassets */ = {isa = PBXFileReference; lastKnownFileType = folder.assetcatalog; path = Assets.xcassets; sourceTree = "<group>"; };
		9CC5D6301E9E1AFF00899BAD /* Base */ = {isa = PBXFileReference; lastKnownFileType = file.storyboard; name = Base; path = Base.lproj/LaunchScreen.storyboard; sourceTree = "<group>"; };
		9CC5D6321E9E1AFF00899BAD /* Info.plist */ = {isa = PBXFileReference; lastKnownFileType = text.plist.xml; path = Info.plist; sourceTree = "<group>"; };
		9CC5D6371E9E1AFF00899BAD /* TestingObjcToxVideoTests.xctest */ = {isa = PBXFileReference; explicitFileType = wrapper.cfbundle; includeInIndex = 0; path = TestingObjcToxVideoTests.xctest; sourceTree = BUILT_PRODUCTS_DIR; };
		9CC5D63B1E9E1AFF00899BAD /* TestingObjcToxVideoTests.swift */ = {isa = PBXFileReference; lastKnownFileType = sourcecode.swift; path = TestingObjcToxVideoTests.swift; sourceTree = "<group>"; };
		9CC5D63D1E9E1AFF00899BAD /* Info.plist */ = {isa = PBXFileReference; lastKnownFileType = text.plist.xml; path = Info.plist; sourceTree = "<group>"; };
		9CC5D6471E9E2D7B00899BAD /* TestingObjcToxVideo-Bridging-Header.h */ = {isa = PBXFileReference; lastKnownFileType = sourcecode.c.h; path = "TestingObjcToxVideo-Bridging-Header.h"; sourceTree = "<group>"; };
		D46F0861E5A4A4FECFA57E34 /* Pods-TestingObjcToxVideo.debug.xcconfig */ = {isa = PBXFileReference; includeInIndex = 1; lastKnownFileType = text.xcconfig; name = "Pods-TestingObjcToxVideo.debug.xcconfig"; path = "Pods/Target Support Files/Pods-TestingObjcToxVideo/Pods-TestingObjcToxVideo.debug.xcconfig"; sourceTree = "<group>"; };
		DC18654944C98BA0C027C24E /* Pods-TestingObjcToxVideo.release.xcconfig */ = {isa = PBXFileReference; includeInIndex = 1; lastKnownFileType = text.xcconfig; name = "Pods-TestingObjcToxVideo.release.xcconfig"; path = "Pods/Target Support Files/Pods-TestingObjcToxVideo/Pods-TestingObjcToxVideo.release.xcconfig"; sourceTree = "<group>"; };
		FE46573864A2170EA28C283A /* libPods-TestingObjcToxVideo.a */ = {isa = PBXFileReference; explicitFileType = archive.ar; includeInIndex = 0; path = "libPods-TestingObjcToxVideo.a"; sourceTree = BUILT_PRODUCTS_DIR; };
/* End PBXFileReference section */

/* Begin PBXFrameworksBuildPhase section */
		9CC5D6201E9E1AFF00899BAD /* Frameworks */ = {
			isa = PBXFrameworksBuildPhase;
			buildActionMask = 2147483647;
			files = (
				15ED19918B8B3FB0AA5DCAD3 /* libPods-TestingObjcToxVideo.a in Frameworks */,
			);
			runOnlyForDeploymentPostprocessing = 0;
		};
		9CC5D6341E9E1AFF00899BAD /* Frameworks */ = {
			isa = PBXFrameworksBuildPhase;
			buildActionMask = 2147483647;
			files = (
			);
			runOnlyForDeploymentPostprocessing = 0;
		};
/* End PBXFrameworksBuildPhase section */

/* Begin PBXGroup section */
		739857416CC6E82F97EAE334 /* Frameworks */ = {
			isa = PBXGroup;
			children = (
				FE46573864A2170EA28C283A /* libPods-TestingObjcToxVideo.a */,
			);
			name = Frameworks;
			sourceTree = "<group>";
		};
		9CC5D61A1E9E1AFF00899BAD = {
			isa = PBXGroup;
			children = (
				9CC5D6251E9E1AFF00899BAD /* TestingObjcToxVideo */,
				9CC5D63A1E9E1AFF00899BAD /* TestingObjcToxVideoTests */,
				9CC5D6241E9E1AFF00899BAD /* Products */,
				BB72F1AC33D6BB394D36EB2C /* Pods */,
				739857416CC6E82F97EAE334 /* Frameworks */,
			);
			sourceTree = "<group>";
		};
		9CC5D6241E9E1AFF00899BAD /* Products */ = {
			isa = PBXGroup;
			children = (
				9CC5D6231E9E1AFF00899BAD /* TestingObjcToxVideo.app */,
				9CC5D6371E9E1AFF00899BAD /* TestingObjcToxVideoTests.xctest */,
			);
			name = Products;
			sourceTree = "<group>";
		};
		9CC5D6251E9E1AFF00899BAD /* TestingObjcToxVideo */ = {
			isa = PBXGroup;
			children = (
				9CC5D6261E9E1AFF00899BAD /* AppDelegate.swift */,
				9CC5D6281E9E1AFF00899BAD /* ViewController.swift */,
				9CC5D62A1E9E1AFF00899BAD /* Main.storyboard */,
				9CC5D62D1E9E1AFF00899BAD /* Assets.xcassets */,
				9CC5D62F1E9E1AFF00899BAD /* LaunchScreen.storyboard */,
				9CC5D6321E9E1AFF00899BAD /* Info.plist */,
				9CC5D6471E9E2D7B00899BAD /* TestingObjcToxVideo-Bridging-Header.h */,
			);
			path = TestingObjcToxVideo;
			sourceTree = "<group>";
		};
		9CC5D63A1E9E1AFF00899BAD /* TestingObjcToxVideoTests */ = {
			isa = PBXGroup;
			children = (
				9CC5D63B1E9E1AFF00899BAD /* TestingObjcToxVideoTests.swift */,
				9CC5D63D1E9E1AFF00899BAD /* Info.plist */,
			);
			path = TestingObjcToxVideoTests;
			sourceTree = "<group>";
		};
		BB72F1AC33D6BB394D36EB2C /* Pods */ = {
			isa = PBXGroup;
			children = (
				D46F0861E5A4A4FECFA57E34 /* Pods-TestingObjcToxVideo.debug.xcconfig */,
				DC18654944C98BA0C027C24E /* Pods-TestingObjcToxVideo.release.xcconfig */,
			);
			name = Pods;
			sourceTree = "<group>";
		};
/* End PBXGroup section */

/* Begin PBXNativeTarget section */
		9CC5D6221E9E1AFF00899BAD /* TestingObjcToxVideo */ = {
			isa = PBXNativeTarget;
			buildConfigurationList = 9CC5D6401E9E1AFF00899BAD /* Build configuration list for PBXNativeTarget "TestingObjcToxVideo" */;
			buildPhases = (
				C1824B6560E90AA30C0C9637 /* [CP] Check Pods Manifest.lock */,
				9CC5D61F1E9E1AFF00899BAD /* Sources */,
				9CC5D6201E9E1AFF00899BAD /* Frameworks */,
				9CC5D6211E9E1AFF00899BAD /* Resources */,
				20E7D6172DAEEAC72CD7A6FF /* [CP] Embed Pods Frameworks */,
				F297491C6EE54E8C49B36B40 /* [CP] Copy Pods Resources */,
			);
			buildRules = (
			);
			dependencies = (
			);
			name = TestingObjcToxVideo;
			productName = TestingObjcToxVideo;
			productReference = 9CC5D6231E9E1AFF00899BAD /* TestingObjcToxVideo.app */;
			productType = "com.apple.product-type.application";
		};
		9CC5D6361E9E1AFF00899BAD /* TestingObjcToxVideoTests */ = {
			isa = PBXNativeTarget;
			buildConfigurationList = 9CC5D6431E9E1AFF00899BAD /* Build configuration list for PBXNativeTarget "TestingObjcToxVideoTests" */;
			buildPhases = (
				9CC5D6331E9E1AFF00899BAD /* Sources */,
				9CC5D6341E9E1AFF00899BAD /* Frameworks */,
				9CC5D6351E9E1AFF00899BAD /* Resources */,
			);
			buildRules = (
			);
			dependencies = (
				9CC5D6391E9E1AFF00899BAD /* PBXTargetDependency */,
			);
			name = TestingObjcToxVideoTests;
			productName = TestingObjcToxVideoTests;
			productReference = 9CC5D6371E9E1AFF00899BAD /* TestingObjcToxVideoTests.xctest */;
			productType = "com.apple.product-type.bundle.unit-test";
		};
/* End PBXNativeTarget section */

/* Begin PBXProject section */
		9CC5D61B1E9E1AFF00899BAD /* Project object */ = {
			isa = PBXProject;
			attributes = {
				LastSwiftUpdateCheck = 0820;
				LastUpgradeCheck = 0820;
				ORGANIZATIONNAME = dvor;
				TargetAttributes = {
					9CC5D6221E9E1AFF00899BAD = {
						CreatedOnToolsVersion = 8.2.1;
						DevelopmentTeam = NHVF8NSG3J;
						LastSwiftMigration = 0820;
						ProvisioningStyle = Automatic;
					};
					9CC5D6361E9E1AFF00899BAD = {
						CreatedOnToolsVersion = 8.2.1;
						ProvisioningStyle = Automatic;
						TestTargetID = 9CC5D6221E9E1AFF00899BAD;
					};
				};
			};
			buildConfigurationList = 9CC5D61E1E9E1AFF00899BAD /* Build configuration list for PBXProject "TestingObjcToxVideo" */;
			compatibilityVersion = "Xcode 3.2";
			developmentRegion = English;
			hasScannedForEncodings = 0;
			knownRegions = (
				en,
				Base,
			);
			mainGroup = 9CC5D61A1E9E1AFF00899BAD;
			productRefGroup = 9CC5D6241E9E1AFF00899BAD /* Products */;
			projectDirPath = "";
			projectRoot = "";
			targets = (
				9CC5D6221E9E1AFF00899BAD /* TestingObjcToxVideo */,
				9CC5D6361E9E1AFF00899BAD /* TestingObjcToxVideoTests */,
			);
		};
/* End PBXProject section */

/* Begin PBXResourcesBuildPhase section */
		9CC5D6211E9E1AFF00899BAD /* Resources */ = {
			isa = PBXResourcesBuildPhase;
			buildActionMask = 2147483647;
			files = (
				9CC5D6311E9E1AFF00899BAD /* LaunchScreen.storyboard in Resources */,
				9CC5D62E1E9E1AFF00899BAD /* Assets.xcassets in Resources */,
				9CC5D62C1E9E1AFF00899BAD /* Main.storyboard in Resources */,
			);
			runOnlyForDeploymentPostprocessing = 0;
		};
		9CC5D6351E9E1AFF00899BAD /* Resources */ = {
			isa = PBXResourcesBuildPhase;
			buildActionMask = 2147483647;
			files = (
			);
			runOnlyForDeploymentPostprocessing = 0;
		};
/* End PBXResourcesBuildPhase section */

/* Begin PBXShellScriptBuildPhase section */
		20E7D6172DAEEAC72CD7A6FF /* [CP] Embed Pods Frameworks */ = {
			isa = PBXShellScriptBuildPhase;
			buildActionMask = 2147483647;
			files = (
			);
			inputPaths = (
			);
			name = "[CP] Embed Pods Frameworks";
			outputPaths = (
			);
			runOnlyForDeploymentPostprocessing = 0;
			shellPath = /bin/sh;
			shellScript = "\"${SRCROOT}/Pods/Target Support Files/Pods-TestingObjcToxVideo/Pods-TestingObjcToxVideo-frameworks.sh\"\n";
			showEnvVarsInLog = 0;
		};
		C1824B6560E90AA30C0C9637 /* [CP] Check Pods Manifest.lock */ = {
			isa = PBXShellScriptBuildPhase;
			buildActionMask = 2147483647;
			files = (
			);
			inputPaths = (
			);
			name = "[CP] Check Pods Manifest.lock";
			outputPaths = (
			);
			runOnlyForDeploymentPostprocessing = 0;
			shellPath = /bin/sh;
			shellScript = "diff \"${PODS_ROOT}/../Podfile.lock\" \"${PODS_ROOT}/Manifest.lock\" > /dev/null\nif [ $? != 0 ] ; then\n    # print error to STDERR\n    echo \"error: The sandbox is not in sync with the Podfile.lock. Run 'pod install' or update your CocoaPods installation.\" >&2\n    exit 1\nfi\n";
			showEnvVarsInLog = 0;
		};
		F297491C6EE54E8C49B36B40 /* [CP] Copy Pods Resources */ = {
			isa = PBXShellScriptBuildPhase;
			buildActionMask = 2147483647;
			files = (
			);
			inputPaths = (
			);
			name = "[CP] Copy Pods Resources";
			outputPaths = (
			);
			runOnlyForDeploymentPostprocessing = 0;
			shellPath = /bin/sh;
			shellScript = "\"${SRCROOT}/Pods/Target Support Files/Pods-TestingObjcToxVideo/Pods-TestingObjcToxVideo-resources.sh\"\n";
			showEnvVarsInLog = 0;
		};
/* End PBXShellScriptBuildPhase section */

/* Begin PBXSourcesBuildPhase section */
		9CC5D61F1E9E1AFF00899BAD /* Sources */ = {
			isa = PBXSourcesBuildPhase;
			buildActionMask = 2147483647;
			files = (
				9CC5D6291E9E1AFF00899BAD /* ViewController.swift in Sources */,
				9CC5D6271E9E1AFF00899BAD /* AppDelegate.swift in Sources */,
			);
			runOnlyForDeploymentPostprocessing = 0;
		};
		9CC5D6331E9E1AFF00899BAD /* Sources */ = {
			isa = PBXSourcesBuildPhase;
			buildActionMask = 2147483647;
			files = (
				9CC5D63C1E9E1AFF00899BAD /* TestingObjcToxVideoTests.swift in Sources */,
			);
			runOnlyForDeploymentPostprocessing = 0;
		};
/* End PBXSourcesBuildPhase section */

/* Begin PBXTargetDependency section */
		9CC5D6391E9E1AFF00899BAD /* PBXTargetDependency */ = {
			isa = PBXTargetDependency;
			target = 9CC5D6221E9E1AFF00899BAD /* TestingObjcToxVideo */;
			targetProxy = 9CC5D6381E9E1AFF00899BAD /* PBXContainerItemProxy */;
		};
/* End PBXTargetDependency section */

/* Begin PBXVariantGroup section */
		9CC5D62A1E9E1AFF00899BAD /* Main.storyboard */ = {
			isa = PBXVariantGroup;
			children = (
				9CC5D62B1E9E1AFF00899BAD /* Base */,
			);
			name = Main.storyboard;
			sourceTree = "<group>";
		};
		9CC5D62F1E9E1AFF00899BAD /* LaunchScreen.storyboard */ = {
			isa = PBXVariantGroup;
			children = (
				9CC5D6301E9E1AFF00899BAD /* Base */,
			);
			name = LaunchScreen.storyboard;
			sourceTree = "<group>";
		};
/* End PBXVariantGroup section */

/* Begin XCBuildConfiguration section */
		9CC5D63E1E9E1AFF00899BAD /* Debug */ = {
			isa = XCBuildConfiguration;
			buildSettings = {
				ALWAYS_SEARCH_USER_PATHS = NO;
				CLANG_ANALYZER_NONNULL = YES;
				CLANG_CXX_LANGUAGE_STANDARD = "gnu++0x";
				CLANG_CXX_LIBRARY = "libc++";
				CLANG_ENABLE_MODULES = YES;
				CLANG_ENABLE_OBJC_ARC = YES;
				CLANG_WARN_BOOL_CONVERSION = YES;
				CLANG_WARN_CONSTANT_CONVERSION = YES;
				CLANG_WARN_DIRECT_OBJC_ISA_USAGE = YES_ERROR;
				CLANG_WARN_DOCUMENTATION_COMMENTS = YES;
				CLANG_WARN_EMPTY_BODY = YES;
				CLANG_WARN_ENUM_CONVERSION = YES;
				CLANG_WARN_INFINITE_RECURSION = YES;
				CLANG_WARN_INT_CONVERSION = YES;
				CLANG_WARN_OBJC_ROOT_CLASS = YES_ERROR;
				CLANG_WARN_SUSPICIOUS_MOVE = YES;
				CLANG_WARN_UNREACHABLE_CODE = YES;
				CLANG_WARN__DUPLICATE_METHOD_MATCH = YES;
				"CODE_SIGN_IDENTITY[sdk=iphoneos*]" = "iPhone Developer";
				COPY_PHASE_STRIP = NO;
				DEBUG_INFORMATION_FORMAT = dwarf;
				ENABLE_STRICT_OBJC_MSGSEND = YES;
				ENABLE_TESTABILITY = YES;
				GCC_C_LANGUAGE_STANDARD = gnu99;
				GCC_DYNAMIC_NO_PIC = NO;
				GCC_NO_COMMON_BLOCKS = YES;
				GCC_OPTIMIZATION_LEVEL = 0;
				GCC_PREPROCESSOR_DEFINITIONS = (
					"DEBUG=1",
					"$(inherited)",
				);
				GCC_WARN_64_TO_32_BIT_CONVERSION = YES;
				GCC_WARN_ABOUT_RETURN_TYPE = YES_ERROR;
				GCC_WARN_UNDECLARED_SELECTOR = YES;
				GCC_WARN_UNINITIALIZED_AUTOS = YES_AGGRESSIVE;
				GCC_WARN_UNUSED_FUNCTION = YES;
				GCC_WARN_UNUSED_VARIABLE = YES;
				IPHONEOS_DEPLOYMENT_TARGET = 10.2;
				MTL_ENABLE_DEBUG_INFO = YES;
				ONLY_ACTIVE_ARCH = YES;
				SDKROOT = iphoneos;
				SWIFT_ACTIVE_COMPILATION_CONDITIONS = DEBUG;
				SWIFT_OPTIMIZATION_LEVEL = "-Onone";
				TARGETED_DEVICE_FAMILY = "1,2";
			};
			name = Debug;
		};
		9CC5D63F1E9E1AFF00899BAD /* Release */ = {
			isa = XCBuildConfiguration;
			buildSettings = {
				ALWAYS_SEARCH_USER_PATHS = NO;
				CLANG_ANALYZER_NONNULL = YES;
				CLANG_CXX_LANGUAGE_STANDARD = "gnu++0x";
				CLANG_CXX_LIBRARY = "libc++";
				CLANG_ENABLE_MODULES = YES;
				CLANG_ENABLE_OBJC_ARC = YES;
				CLANG_WARN_BOOL_CONVERSION = YES;
				CLANG_WARN_CONSTANT_CONVERSION = YES;
				CLANG_WARN_DIRECT_OBJC_ISA_USAGE = YES_ERROR;
				CLANG_WARN_DOCUMENTATION_COMMENTS = YES;
				CLANG_WARN_EMPTY_BODY = YES;
				CLANG_WARN_ENUM_CONVERSION = YES;
				CLANG_WARN_INFINITE_RECURSION = YES;
				CLANG_WARN_INT_CONVERSION = YES;
				CLANG_WARN_OBJC_ROOT_CLASS = YES_ERROR;
				CLANG_WARN_SUSPICIOUS_MOVE = YES;
				CLANG_WARN_UNREACHABLE_CODE = YES;
				CLANG_WARN__DUPLICATE_METHOD_MATCH = YES;
				"CODE_SIGN_IDENTITY[sdk=iphoneos*]" = "iPhone Developer";
				COPY_PHASE_STRIP = NO;
				DEBUG_INFORMATION_FORMAT = "dwarf-with-dsym";
				ENABLE_NS_ASSERTIONS = NO;
				ENABLE_STRICT_OBJC_MSGSEND = YES;
				GCC_C_LANGUAGE_STANDARD = gnu99;
				GCC_NO_COMMON_BLOCKS = YES;
				GCC_WARN_64_TO_32_BIT_CONVERSION = YES;
				GCC_WARN_ABOUT_RETURN_TYPE = YES_ERROR;
				GCC_WARN_UNDECLARED_SELECTOR = YES;
				GCC_WARN_UNINITIALIZED_AUTOS = YES_AGGRESSIVE;
				GCC_WARN_UNUSED_FUNCTION = YES;
				GCC_WARN_UNUSED_VARIABLE = YES;
				IPHONEOS_DEPLOYMENT_TARGET = 10.2;
				MTL_ENABLE_DEBUG_INFO = NO;
				SDKROOT = iphoneos;
				SWIFT_OPTIMIZATION_LEVEL = "-Owholemodule";
				TARGETED_DEVICE_FAMILY = "1,2";
				VALIDATE_PRODUCT = YES;
			};
			name = Release;
		};
		9CC5D6411E9E1AFF00899BAD /* Debug */ = {
			isa = XCBuildConfiguration;
			baseConfigurationReference = D46F0861E5A4A4FECFA57E34 /* Pods-TestingObjcToxVideo.debug.xcconfig */;
			buildSettings = {
				ASSETCATALOG_COMPILER_APPICON_NAME = AppIcon;
				CLANG_ENABLE_MODULES = YES;
				DEVELOPMENT_TEAM = NHVF8NSG3J;
				ENABLE_BITCODE = NO;
				INFOPLIST_FILE = TestingObjcToxVideo/Info.plist;
				LD_RUNPATH_SEARCH_PATHS = "$(inherited) @executable_path/Frameworks";
				PRODUCT_BUNDLE_IDENTIFIER = me.dvor.TestingObjcToxVideo;
				PRODUCT_NAME = "$(TARGET_NAME)";
				SWIFT_OBJC_BRIDGING_HEADER = "TestingObjcToxVideo/TestingObjcToxVideo-Bridging-Header.h";
				SWIFT_OPTIMIZATION_LEVEL = "-Onone";
				SWIFT_VERSION = 3.0;
			};
			name = Debug;
		};
		9CC5D6421E9E1AFF00899BAD /* Release */ = {
			isa = XCBuildConfiguration;
			baseConfigurationReference = DC18654944C98BA0C027C24E /* Pods-TestingObjcToxVideo.release.xcconfig */;
			buildSettings = {
				ASSETCATALOG_COMPILER_APPICON_NAME = AppIcon;
				CLANG_ENABLE_MODULES = YES;
				DEVELOPMENT_TEAM = NHVF8NSG3J;
				ENABLE_BITCODE = NO;
				INFOPLIST_FILE = TestingObjcToxVideo/Info.plist;
				LD_RUNPATH_SEARCH_PATHS = "$(inherited) @executable_path/Frameworks";
				PRODUCT_BUNDLE_IDENTIFIER = me.dvor.TestingObjcToxVideo;
				PRODUCT_NAME = "$(TARGET_NAME)";
				SWIFT_OBJC_BRIDGING_HEADER = "TestingObjcToxVideo/TestingObjcToxVideo-Bridging-Header.h";
				SWIFT_VERSION = 3.0;
			};
			name = Release;
		};
		9CC5D6441E9E1AFF00899BAD /* Debug */ = {
			isa = XCBuildConfiguration;
			buildSettings = {
				ALWAYS_EMBED_SWIFT_STANDARD_LIBRARIES = YES;
				BUNDLE_LOADER = "$(TEST_HOST)";
				INFOPLIST_FILE = TestingObjcToxVideoTests/Info.plist;
				LD_RUNPATH_SEARCH_PATHS = "$(inherited) @executable_path/Frameworks @loader_path/Frameworks";
				PRODUCT_BUNDLE_IDENTIFIER = me.dvor.TestingObjcToxVideoTests;
				PRODUCT_NAME = "$(TARGET_NAME)";
				SWIFT_VERSION = 3.0;
				TEST_HOST = "$(BUILT_PRODUCTS_DIR)/TestingObjcToxVideo.app/TestingObjcToxVideo";
			};
			name = Debug;
		};
		9CC5D6451E9E1AFF00899BAD /* Release */ = {
			isa = XCBuildConfiguration;
			buildSettings = {
				ALWAYS_EMBED_SWIFT_STANDARD_LIBRARIES = YES;
				BUNDLE_LOADER = "$(TEST_HOST)";
				INFOPLIST_FILE = TestingObjcToxVideoTests/Info.plist;
				LD_RUNPATH_SEARCH_PATHS = "$(inherited) @executable_path/Frameworks @loader_path/Frameworks";
				PRODUCT_BUNDLE_IDENTIFIER = me.dvor.TestingObjcToxVideoTests;
				PRODUCT_NAME = "$(TARGET_NAME)";
				SWIFT_VERSION = 3.0;
				TEST_HOST = "$(BUILT_PRODUCTS_DIR)/TestingObjcToxVideo.app/TestingObjcToxVideo";
			};
			name = Release;
		};
/* End XCBuildConfiguration section */

/* Begin XCConfigurationList section */
		9CC5D61E1E9E1AFF00899BAD /* Build configuration list for PBXProject "TestingObjcToxVideo" */ = {
			isa = XCConfigurationList;
			buildConfigurations = (
				9CC5D63E1E9E1AFF00899BAD /* Debug */,
				9CC5D63F1E9E1AFF00899BAD /* Release */,
			);
			defaultConfigurationIsVisible = 0;
			defaultConfigurationName = Release;
		};
		9CC5D6401E9E1AFF00899BAD /* Build configuration list for PBXNativeTarget "TestingObjcToxVideo" */ = {
			isa = XCConfigurationList;
			buildConfigurations = (
				9CC5D6411E9E1AFF00899BAD /* Debug */,
				9CC5D6421E9E1AFF00899BAD /* Release */,
			);
			defaultConfigurationIsVisible = 0;
			defaultConfigurationName = Release;
		};
		9CC5D6431E9E1AFF00899BAD /* Build configuration list for PBXNativeTarget "TestingObjcToxVideoTests" */ = {
			isa = XCConfigurationList;
			buildConfigurations = (
				9CC5D6441E9E1AFF00899BAD /* Debug */,
				9CC5D6451E9E1AFF00899BAD /* Release */,
			);
			defaultConfigurationIsVisible = 0;
			defaultConfigurationName = Release;
		};
/* End XCConfigurationList section */
	};
	rootObject = 9CC5D61B1E9E1AFF00899BAD /* Project object */;
}
